
Microsoft Visual Studio Solution File, Format Version 12.00
# Visual Studio Version 16
VisualStudioVersion = 16.0.32929.386
MinimumVisualStudioVersion = 10.0.40219.1
Project("{FAE04EC0-301F-11D3-BF4B-00C04F79EFBC}") = "BasicCalculator", "BasicCalculator\BasicCalculator.csproj", "{F5AF4D35-DC27-4C88-8904-1EDA7EF6F66E}"
EndProject
Global
	GlobalSection(SolutionConfigurationPlatforms) = preSolution
		Debug|Any CPU = Debug|Any CPU
		Release|Any CPU = Release|Any CPU
	EndGlobalSection
	GlobalSection(ProjectConfigurationPlatforms) = postSolution
		{F5AF4D35-DC27-4C88-8904-1EDA7EF6F66E}.Debug|Any CPU.ActiveCfg = Debug|Any CPU
		{F5AF4D35-DC27-4C88-8904-1EDA7EF6F66E}.Debug|Any CPU.Build.0 = Debug|Any CPU
		{F5AF4D35-DC27-4C88-8904-1EDA7EF6F66E}.Release|Any CPU.ActiveCfg = Release|Any CPU
		{F5AF4D35-DC27-4C88-8904-1EDA7EF6F66E}.Release|Any CPU.Build.0 = Release|Any CPU
	EndGlobalSection
	GlobalSection(SolutionProperties) = preSolution
		HideSolutionNode = FALSE
	EndGlobalSection
	GlobalSection(ExtensibilityGlobals) = postSolution
		SolutionGuid = {A6FB7115-DABB-4C62-A3C2-C8850F89FF5C}
	EndGlobalSection
EndGlobal
